{
  "nodes": {
    "fenix": {
      "inputs": {
        "nixpkgs": [
          "nixpkgs"
        ],
        "rust-analyzer-src": "rust-analyzer-src"
      },
      "locked": {
        "lastModified": 1686896497,
        "narHash": "sha256-IphIS1KpiFXp/j0v7mEMhtw51uvU5F0mqF2j4//7VAA=",
        "owner": "nix-community",
        "repo": "fenix",
        "rev": "9c69d11badcd78710d7d8665bc3d2e1adc450ffe",
        "type": "github"
      },
      "original": {
        "owner": "nix-community",
        "repo": "fenix",
        "type": "github"
      }
    },
    "naersk": {
      "inputs": {
        "nixpkgs": [
          "nixpkgs"
        ]
      },
      "locked": {
        "lastModified": 1686572087,
        "narHash": "sha256-jXTut7ZSYqLEgm/nTk7TuVL2ExahTip605bLINklAnQ=",
        "owner": "nix-community",
        "repo": "naersk",
        "rev": "8507af04eb40c5520bd35d9ce6f9d2342cea5ad1",
        "type": "github"
      },
      "original": {
        "owner": "nix-community",
        "repo": "naersk",
        "type": "github"
      }
    },
    "nixpkgs": {
      "locked": {
        "lastModified": 1686736559,
        "narHash": "sha256-YyUSVoOKIDAscTx7IZhF9x3qgZ9dPNF19fKk+4c5irc=",
        "owner": "nixos",
        "repo": "nixpkgs",
        "rev": "ddf4688dc7aeb14e8a3c549cb6aa6337f187a884",
        "type": "github"
      },
      "original": {
        "owner": "nixos",
        "ref": "nixos-23.05",
        "repo": "nixpkgs",
        "type": "github"
      }
    },
    "root": {
      "inputs": {
        "fenix": "fenix",
        "naersk": "naersk",
        "nixpkgs": "nixpkgs"
      }
    },
    "rust-analyzer-src": {
      "flake": false,
      "locked": {
        "lastModified": 1686818168,
        "narHash": "sha256-yyoJmC17T6mXqthzgGiTKSdUJ0cTEuqQmkmd3iW4ay8=",
        "owner": "rust-lang",
        "repo": "rust-analyzer",
        "rev": "ff864fbb9fc21f0cdae408fe8f5b2f43141b45a7",
        "type": "github"
      },
      "original": {
        "owner": "rust-lang",
        "ref": "nightly",
        "repo": "rust-analyzer",
        "type": "github"
      }
    }
  },
  "root": "root",
  "version": 7
}
